
Microsoft Visual Studio Solution File, Format Version 12.00
# Visual Studio Version 17
VisualStudioVersion = 17.8.34601.278
MinimumVisualStudioVersion = 10.0.40219.1
Project("{9A19103F-16F7-4668-BE54-9A1E7A4F7556}") = "KodlamaIoDemo", "KodlamaIoDemo\KodlamaIoDemo.csproj", "{27E68AAB-1073-438C-9B77-AA6E5BA49FC2}"
EndProject
Global
	GlobalSection(SolutionConfigurationPlatforms) = preSolution
		Debug|Any CPU = Debug|Any CPU
		Release|Any CPU = Release|Any CPU
	EndGlobalSection
	GlobalSection(ProjectConfigurationPlatforms) = postSolution
		{27E68AAB-1073-438C-9B77-AA6E5BA49FC2}.Debug|Any CPU.ActiveCfg = Debug|Any CPU
		{27E68AAB-1073-438C-9B77-AA6E5BA49FC2}.Debug|Any CPU.Build.0 = Debug|Any CPU
		{27E68AAB-1073-438C-9B77-AA6E5BA49FC2}.Release|Any CPU.ActiveCfg = Release|Any CPU
		{27E68AAB-1073-438C-9B77-AA6E5BA49FC2}.Release|Any CPU.Build.0 = Release|Any CPU
	EndGlobalSection
	GlobalSection(SolutionProperties) = preSolution
		HideSolutionNode = FALSE
	EndGlobalSection
	GlobalSection(ExtensibilityGlobals) = postSolution
		SolutionGuid = {39AC5FAB-665B-4F2B-BD81-A2667E081FF4}
	EndGlobalSection
EndGlobal
